
Microsoft Visual Studio Solution File, Format Version 12.00
# Visual Studio Version 16
VisualStudioVersion = 16.0.30309.148
MinimumVisualStudioVersion = 10.0.40219.1
Project("{FAE04EC0-301F-11D3-BF4B-00C04F79EFBC}") = "Argus.Emailers.PubEmailer", "Argus.Emailers.PubEmailer\Argus.Emailers.PubEmailer.csproj", "{E7E5A517-654D-40CA-9BF7-993A16219C08}"
EndProject
Global
	GlobalSection(SolutionConfigurationPlatforms) = preSolution
		Debug|Any CPU = Debug|Any CPU
		Release|Any CPU = Release|Any CPU
	EndGlobalSection
	GlobalSection(ProjectConfigurationPlatforms) = postSolution
		{E7E5A517-654D-40CA-9BF7-993A16219C08}.Debug|Any CPU.ActiveCfg = Debug|Any CPU
		{E7E5A517-654D-40CA-9BF7-993A16219C08}.Debug|Any CPU.Build.0 = Debug|Any CPU
		{E7E5A517-654D-40CA-9BF7-993A16219C08}.Release|Any CPU.ActiveCfg = Release|Any CPU
		{E7E5A517-654D-40CA-9BF7-993A16219C08}.Release|Any CPU.Build.0 = Release|Any CPU
	EndGlobalSection
	GlobalSection(SolutionProperties) = preSolution
		HideSolutionNode = FALSE
	EndGlobalSection
	GlobalSection(ExtensibilityGlobals) = postSolution
		SolutionGuid = {38408362-6E2C-4F7B-A8CA-BD472677B2C3}
	EndGlobalSection
EndGlobal
